
Microsoft Visual Studio Solution File, Format Version 12.00
# Visual Studio Version 17
VisualStudioVersion = 17.0.31903.59
MinimumVisualStudioVersion = 10.0.40219.1
Project("{9A19103F-16F7-4668-BE54-9A1E7A4F7556}") = "Common", "Common\Common.csproj", "{753C61B7-EF0F-411C-BCDE-0469CBDA9207}"
EndProject
Project("{2150E333-8FDC-42A3-9474-1A3956D46DE8}") = "Testing", "Testing", "{78DDA25A-7C38-13C4-DE39-740FEE45D7B1}"
EndProject
Project("{9A19103F-16F7-4668-BE54-9A1E7A4F7556}") = "Test", "Test\Test.csproj", "{1CD9C2DE-4D80-49EB-99DB-A3FB586BA492}"
EndProject
Project("{2150E333-8FDC-42A3-9474-1A3956D46DE8}") = "Applications", "Applications", "{805D9F47-717B-4D0B-B264-DAFE94B85395}"
EndProject
Project("{FAE04EC0-301F-11D3-BF4B-00C04F79EFBC}") = "Applications.Common", "Applications\Applications.Common\Applications.Common.csproj", "{A713B318-DDAC-4215-85CF-73B05A50CF1A}"
EndProject
Global
	GlobalSection(SolutionConfigurationPlatforms) = preSolution
		Debug|Any CPU = Debug|Any CPU
		Release|Any CPU = Release|Any CPU
	EndGlobalSection
	GlobalSection(ProjectConfigurationPlatforms) = postSolution
		{753C61B7-EF0F-411C-BCDE-0469CBDA9207}.Debug|Any CPU.ActiveCfg = Debug|Any CPU
		{753C61B7-EF0F-411C-BCDE-0469CBDA9207}.Debug|Any CPU.Build.0 = Debug|Any CPU
		{753C61B7-EF0F-411C-BCDE-0469CBDA9207}.Release|Any CPU.ActiveCfg = Release|Any CPU
		{753C61B7-EF0F-411C-BCDE-0469CBDA9207}.Release|Any CPU.Build.0 = Release|Any CPU
		{1CD9C2DE-4D80-49EB-99DB-A3FB586BA492}.Debug|Any CPU.ActiveCfg = Debug|Any CPU
		{1CD9C2DE-4D80-49EB-99DB-A3FB586BA492}.Debug|Any CPU.Build.0 = Debug|Any CPU
		{1CD9C2DE-4D80-49EB-99DB-A3FB586BA492}.Release|Any CPU.ActiveCfg = Release|Any CPU
		{1CD9C2DE-4D80-49EB-99DB-A3FB586BA492}.Release|Any CPU.Build.0 = Release|Any CPU
		{A713B318-DDAC-4215-85CF-73B05A50CF1A}.Debug|Any CPU.ActiveCfg = Debug|Any CPU
		{A713B318-DDAC-4215-85CF-73B05A50CF1A}.Debug|Any CPU.Build.0 = Debug|Any CPU
		{A713B318-DDAC-4215-85CF-73B05A50CF1A}.Release|Any CPU.ActiveCfg = Release|Any CPU
		{A713B318-DDAC-4215-85CF-73B05A50CF1A}.Release|Any CPU.Build.0 = Release|Any CPU
	EndGlobalSection
	GlobalSection(SolutionProperties) = preSolution
		HideSolutionNode = FALSE
	EndGlobalSection
	GlobalSection(NestedProjects) = preSolution
		{1CD9C2DE-4D80-49EB-99DB-A3FB586BA492} = {78DDA25A-7C38-13C4-DE39-740FEE45D7B1}
		{A713B318-DDAC-4215-85CF-73B05A50CF1A} = {805D9F47-717B-4D0B-B264-DAFE94B85395}
	EndGlobalSection
	GlobalSection(ExtensibilityGlobals) = postSolution
		SolutionGuid = {C996D723-4190-4B6C-B430-64F3483368E7}
	EndGlobalSection
EndGlobal
